
Microsoft Visual Studio Solution File, Format Version 12.00
# Visual Studio Version 17
VisualStudioVersion = 17.0.32014.148
MinimumVisualStudioVersion = 10.0.40219.1
Project("{FAE04EC0-301F-11D3-BF4B-00C04F79EFBC}") = "Livros", "Livros\Livros.csproj", "{9A338B5A-F2B2-4399-BEE7-C1F89A201EAA}"
EndProject
Project("{9A19103F-16F7-4668-BE54-9A1E7A4F7556}") = "LivrosBot", "LivrosBot\LivrosBot.csproj", "{C11AA959-F503-47CD-B9FF-76335D73DBBB}"
EndProject
Global
	GlobalSection(SolutionConfigurationPlatforms) = preSolution
		Debug|Any CPU = Debug|Any CPU
		Release|Any CPU = Release|Any CPU
	EndGlobalSection
	GlobalSection(ProjectConfigurationPlatforms) = postSolution
		{9A338B5A-F2B2-4399-BEE7-C1F89A201EAA}.Debug|Any CPU.ActiveCfg = Debug|Any CPU
		{9A338B5A-F2B2-4399-BEE7-C1F89A201EAA}.Debug|Any CPU.Build.0 = Debug|Any CPU
		{9A338B5A-F2B2-4399-BEE7-C1F89A201EAA}.Release|Any CPU.ActiveCfg = Release|Any CPU
		{9A338B5A-F2B2-4399-BEE7-C1F89A201EAA}.Release|Any CPU.Build.0 = Release|Any CPU
		{C11AA959-F503-47CD-B9FF-76335D73DBBB}.Debug|Any CPU.ActiveCfg = Debug|Any CPU
		{C11AA959-F503-47CD-B9FF-76335D73DBBB}.Debug|Any CPU.Build.0 = Debug|Any CPU
		{C11AA959-F503-47CD-B9FF-76335D73DBBB}.Release|Any CPU.ActiveCfg = Release|Any CPU
		{C11AA959-F503-47CD-B9FF-76335D73DBBB}.Release|Any CPU.Build.0 = Release|Any CPU
	EndGlobalSection
	GlobalSection(SolutionProperties) = preSolution
		HideSolutionNode = FALSE
	EndGlobalSection
	GlobalSection(ExtensibilityGlobals) = postSolution
		SolutionGuid = {BC2D7941-DD25-4A6A-87E6-2379C59EE8BC}
	EndGlobalSection
EndGlobal
